
Microsoft Visual Studio Solution File, Format Version 12.00
# Visual Studio Version 17
VisualStudioVersion = 17.10.35122.118
MinimumVisualStudioVersion = 10.0.40219.1
Project("{FAE04EC0-301F-11D3-BF4B-00C04F79EFBC}") = "NotAORM", "NotAORM.csproj", "{7ED7F3D3-EDB8-474E-85C9-71E217B89BD7}"
EndProject
Global
	GlobalSection(SolutionConfigurationPlatforms) = preSolution
		Debug|Any CPU = Debug|Any CPU
		Release|Any CPU = Release|Any CPU
	EndGlobalSection
	GlobalSection(ProjectConfigurationPlatforms) = postSolution
		{7ED7F3D3-EDB8-474E-85C9-71E217B89BD7}.Debug|Any CPU.ActiveCfg = Debug|Any CPU
		{7ED7F3D3-EDB8-474E-85C9-71E217B89BD7}.Debug|Any CPU.Build.0 = Debug|Any CPU
		{7ED7F3D3-EDB8-474E-85C9-71E217B89BD7}.Release|Any CPU.ActiveCfg = Release|Any CPU
		{7ED7F3D3-EDB8-474E-85C9-71E217B89BD7}.Release|Any CPU.Build.0 = Release|Any CPU
	EndGlobalSection
	GlobalSection(SolutionProperties) = preSolution
		HideSolutionNode = FALSE
	EndGlobalSection
	GlobalSection(ExtensibilityGlobals) = postSolution
		SolutionGuid = {19D24D31-B773-4BCD-878A-753215B315B5}
	EndGlobalSection
EndGlobal
